// !$*UTF8*$!
{
	archiveVersion = 1;
	classes = {
	};
	objectVersion = 55;
	objects = {

/* Begin PBXBuildFile section */
		DF710BDA27089EB600405D34 /* AppDelegate.swift in Sources */ = {isa = PBXBuildFile; fileRef = DF710BD927089EB600405D34 /* AppDelegate.swift */; };
		DF710BDC27089EB600405D34 /* SceneDelegate.swift in Sources */ = {isa = PBXBuildFile; fileRef = DF710BDB27089EB600405D34 /* SceneDelegate.swift */; };
		DF710BE127089EB600405D34 /* Main.storyboard in Resources */ = {isa = PBXBuildFile; fileRef = DF710BDF27089EB600405D34 /* Main.storyboard */; };
		DF710BE327089EB800405D34 /* Assets.xcassets in Resources */ = {isa = PBXBuildFile; fileRef = DF710BE227089EB800405D34 /* Assets.xcassets */; };
		DF710BE627089EB800405D34 /* LaunchScreen.storyboard in Resources */ = {isa = PBXBuildFile; fileRef = DF710BE427089EB800405D34 /* LaunchScreen.storyboard */; };
		DF710BF127089EB900405D34 /* TestAppProtoTests.swift in Sources */ = {isa = PBXBuildFile; fileRef = DF710BF027089EB900405D34 /* TestAppProtoTests.swift */; };
		DF710BFB27089EB900405D34 /* TestAppProtoUITests.swift in Sources */ = {isa = PBXBuildFile; fileRef = DF710BFA27089EB900405D34 /* TestAppProtoUITests.swift */; };
		DF710BFD27089EB900405D34 /* TestAppProtoUITestsLaunchTests.swift in Sources */ = {isa = PBXBuildFile; fileRef = DF710BFC27089EB900405D34 /* TestAppProtoUITestsLaunchTests.swift */; };
		DF710C102709421300405D34 /* CustomProgressView.swift in Sources */ = {isa = PBXBuildFile; fileRef = DF710C0F2709421300405D34 /* CustomProgressView.swift */; };
		DF710C13270A121400405D34 /* CurrencyNumberFormatter.swift in Sources */ = {isa = PBXBuildFile; fileRef = DF710C12270A121400405D34 /* CurrencyNumberFormatter.swift */; };
		DF710C17270A4D8E00405D34 /* DonationViewController.swift in Sources */ = {isa = PBXBuildFile; fileRef = DF710C16270A4D8E00405D34 /* DonationViewController.swift */; };
		DF710C19270A8CD100405D34 /* RootViewController.swift in Sources */ = {isa = PBXBuildFile; fileRef = DF710C18270A8CD000405D34 /* RootViewController.swift */; };
/* End PBXBuildFile section */

/* Begin PBXContainerItemProxy section */
		DF710BED27089EB900405D34 /* PBXContainerItemProxy */ = {
			isa = PBXContainerItemProxy;
			containerPortal = DF710BCE27089EB600405D34 /* Project object */;
			proxyType = 1;
			remoteGlobalIDString = DF710BD527089EB600405D34;
			remoteInfo = TestAppProto;
		};
		DF710BF727089EB900405D34 /* PBXContainerItemProxy */ = {
			isa = PBXContainerItemProxy;
			containerPortal = DF710BCE27089EB600405D34 /* Project object */;
			proxyType = 1;
			remoteGlobalIDString = DF710BD527089EB600405D34;
			remoteInfo = TestAppProto;
		};
/* End PBXContainerItemProxy section */

/* Begin PBXFileReference section */
		DF710BD627089EB600405D34 /* TestAppProto.app */ = {isa = PBXFileReference; explicitFileType = wrapper.application; includeInIndex = 0; path = TestAppProto.app; sourceTree = BUILT_PRODUCTS_DIR; };
		DF710BD927089EB600405D34 /* AppDelegate.swift */ = {isa = PBXFileReference; lastKnownFileType = sourcecode.swift; path = AppDelegate.swift; sourceTree = "<group>"; };
		DF710BDB27089EB600405D34 /* SceneDelegate.swift */ = {isa = PBXFileReference; lastKnownFileType = sourcecode.swift; path = SceneDelegate.swift; sourceTree = "<group>"; };
		DF710BE027089EB600405D34 /* Base */ = {isa = PBXFileReference; lastKnownFileType = file.storyboard; name = Base; path = Base.lproj/Main.storyboard; sourceTree = "<group>"; };
		DF710BE227089EB800405D34 /* Assets.xcassets */ = {isa = PBXFileReference; lastKnownFileType = folder.assetcatalog; path = Assets.xcassets; sourceTree = "<group>"; };
		DF710BE527089EB800405D34 /* Base */ = {isa = PBXFileReference; lastKnownFileType = file.storyboard; name = Base; path = Base.lproj/LaunchScreen.storyboard; sourceTree = "<group>"; };
		DF710BE727089EB800405D34 /* Info.plist */ = {isa = PBXFileReference; lastKnownFileType = text.plist.xml; path = Info.plist; sourceTree = "<group>"; };
		DF710BEC27089EB900405D34 /* TestAppProtoTests.xctest */ = {isa = PBXFileReference; explicitFileType = wrapper.cfbundle; includeInIndex = 0; path = TestAppProtoTests.xctest; sourceTree = BUILT_PRODUCTS_DIR; };
		DF710BF027089EB900405D34 /* TestAppProtoTests.swift */ = {isa = PBXFileReference; lastKnownFileType = sourcecode.swift; path = TestAppProtoTests.swift; sourceTree = "<group>"; };
		DF710BF627089EB900405D34 /* TestAppProtoUITests.xctest */ = {isa = PBXFileReference; explicitFileType = wrapper.cfbundle; includeInIndex = 0; path = TestAppProtoUITests.xctest; sourceTree = BUILT_PRODUCTS_DIR; };
		DF710BFA27089EB900405D34 /* TestAppProtoUITests.swift */ = {isa = PBXFileReference; lastKnownFileType = sourcecode.swift; path = TestAppProtoUITests.swift; sourceTree = "<group>"; };
		DF710BFC27089EB900405D34 /* TestAppProtoUITestsLaunchTests.swift */ = {isa = PBXFileReference; lastKnownFileType = sourcecode.swift; path = TestAppProtoUITestsLaunchTests.swift; sourceTree = "<group>"; };
		DF710C0F2709421300405D34 /* CustomProgressView.swift */ = {isa = PBXFileReference; lastKnownFileType = sourcecode.swift; path = CustomProgressView.swift; sourceTree = "<group>"; };
		DF710C112709483400405D34 /* CustomView.playground */ = {isa = PBXFileReference; lastKnownFileType = file.playground; path = CustomView.playground; sourceTree = "<group>"; xcLanguageSpecificationIdentifier = xcode.lang.swift; };
		DF710C12270A121400405D34 /* CurrencyNumberFormatter.swift */ = {isa = PBXFileReference; lastKnownFileType = sourcecode.swift; path = CurrencyNumberFormatter.swift; sourceTree = "<group>"; };
		DF710C16270A4D8E00405D34 /* DonationViewController.swift */ = {isa = PBXFileReference; lastKnownFileType = sourcecode.swift; path = DonationViewController.swift; sourceTree = "<group>"; };
		DF710C18270A8CD000405D34 /* RootViewController.swift */ = {isa = PBXFileReference; lastKnownFileType = sourcecode.swift; path = RootViewController.swift; sourceTree = "<group>"; };
/* End PBXFileReference section */

/* Begin PBXFrameworksBuildPhase section */
		DF710BD327089EB600405D34 /* Frameworks */ = {
			isa = PBXFrameworksBuildPhase;
			buildActionMask = 2147483647;
			files = (
			);
			runOnlyForDeploymentPostprocessing = 0;
		};
		DF710BE927089EB900405D34 /* Frameworks */ = {
			isa = PBXFrameworksBuildPhase;
			buildActionMask = 2147483647;
			files = (
			);
			runOnlyForDeploymentPostprocessing = 0;
		};
		DF710BF327089EB900405D34 /* Frameworks */ = {
			isa = PBXFrameworksBuildPhase;
			buildActionMask = 2147483647;
			files = (
			);
			runOnlyForDeploymentPostprocessing = 0;
		};
/* End PBXFrameworksBuildPhase section */

/* Begin PBXGroup section */
		DF710BCD27089EB600405D34 = {
			isa = PBXGroup;
			children = (
				DF710C112709483400405D34 /* CustomView.playground */,
				DF710BD827089EB600405D34 /* TestAppProto */,
				DF710BEF27089EB900405D34 /* TestAppProtoTests */,
				DF710BF927089EB900405D34 /* TestAppProtoUITests */,
				DF710BD727089EB600405D34 /* Products */,
			);
			sourceTree = "<group>";
		};
		DF710BD727089EB600405D34 /* Products */ = {
			isa = PBXGroup;
			children = (
				DF710BD627089EB600405D34 /* TestAppProto.app */,
				DF710BEC27089EB900405D34 /* TestAppProtoTests.xctest */,
				DF710BF627089EB900405D34 /* TestAppProtoUITests.xctest */,
			);
			name = Products;
			sourceTree = "<group>";
		};
		DF710BD827089EB600405D34 /* TestAppProto */ = {
			isa = PBXGroup;
			children = (
				DF710BD927089EB600405D34 /* AppDelegate.swift */,
				DF710BDB27089EB600405D34 /* SceneDelegate.swift */,
				DF710C1A270AA8F100405D34 /* Views */,
				DF710C1B270AA90B00405D34 /* Helpers */,
				DF710BE227089EB800405D34 /* Assets.xcassets */,
				DF710BDF27089EB600405D34 /* Main.storyboard */,
				DF710BE427089EB800405D34 /* LaunchScreen.storyboard */,
				DF710BE727089EB800405D34 /* Info.plist */,
			);
			path = TestAppProto;
			sourceTree = "<group>";
		};
		DF710BEF27089EB900405D34 /* TestAppProtoTests */ = {
			isa = PBXGroup;
			children = (
				DF710BF027089EB900405D34 /* TestAppProtoTests.swift */,
			);
			path = TestAppProtoTests;
			sourceTree = "<group>";
		};
		DF710BF927089EB900405D34 /* TestAppProtoUITests */ = {
			isa = PBXGroup;
			children = (
				DF710BFA27089EB900405D34 /* TestAppProtoUITests.swift */,
				DF710BFC27089EB900405D34 /* TestAppProtoUITestsLaunchTests.swift */,
			);
			path = TestAppProtoUITests;
			sourceTree = "<group>";
		};
		DF710C1A270AA8F100405D34 /* Views */ = {
			isa = PBXGroup;
			children = (
				DF710C18270A8CD000405D34 /* RootViewController.swift */,
				DF710C16270A4D8E00405D34 /* DonationViewController.swift */,
				DF710C0F2709421300405D34 /* CustomProgressView.swift */,
			);
			path = Views;
			sourceTree = "<group>";
		};
		DF710C1B270AA90B00405D34 /* Helpers */ = {
			isa = PBXGroup;
			children = (
				DF710C12270A121400405D34 /* CurrencyNumberFormatter.swift */,
			);
			path = Helpers;
			sourceTree = "<group>";
		};
/* End PBXGroup section */

/* Begin PBXNativeTarget section */
		DF710BD527089EB600405D34 /* TestAppProto */ = {
			isa = PBXNativeTarget;
			buildConfigurationList = DF710C0027089EB900405D34 /* Build configuration list for PBXNativeTarget "TestAppProto" */;
			buildPhases = (
				DF710BD227089EB600405D34 /* Sources */,
				DF710BD327089EB600405D34 /* Frameworks */,
				DF710BD427089EB600405D34 /* Resources */,
			);
			buildRules = (
			);
			dependencies = (
			);
			name = TestAppProto;
			productName = TestAppProto;
			productReference = DF710BD627089EB600405D34 /* TestAppProto.app */;
			productType = "com.apple.product-type.application";
		};
		DF710BEB27089EB900405D34 /* TestAppProtoTests */ = {
			isa = PBXNativeTarget;
			buildConfigurationList = DF710C0327089EB900405D34 /* Build configuration list for PBXNativeTarget "TestAppProtoTests" */;
			buildPhases = (
				DF710BE827089EB900405D34 /* Sources */,
				DF710BE927089EB900405D34 /* Frameworks */,
				DF710BEA27089EB900405D34 /* Resources */,
			);
			buildRules = (
			);
			dependencies = (
				DF710BEE27089EB900405D34 /* PBXTargetDependency */,
			);
			name = TestAppProtoTests;
			productName = TestAppProtoTests;
			productReference = DF710BEC27089EB900405D34 /* TestAppProtoTests.xctest */;
			productType = "com.apple.product-type.bundle.unit-test";
		};
		DF710BF527089EB900405D34 /* TestAppProtoUITests */ = {
			isa = PBXNativeTarget;
			buildConfigurationList = DF710C0627089EB900405D34 /* Build configuration list for PBXNativeTarget "TestAppProtoUITests" */;
			buildPhases = (
				DF710BF227089EB900405D34 /* Sources */,
				DF710BF327089EB900405D34 /* Frameworks */,
				DF710BF427089EB900405D34 /* Resources */,
			);
			buildRules = (
			);
			dependencies = (
				DF710BF827089EB900405D34 /* PBXTargetDependency */,
			);
			name = TestAppProtoUITests;
			productName = TestAppProtoUITests;
			productReference = DF710BF627089EB900405D34 /* TestAppProtoUITests.xctest */;
			productType = "com.apple.product-type.bundle.ui-testing";
		};
/* End PBXNativeTarget section */

/* Begin PBXProject section */
		DF710BCE27089EB600405D34 /* Project object */ = {
			isa = PBXProject;
			attributes = {
				BuildIndependentTargetsInParallel = 1;
				LastSwiftUpdateCheck = 1300;
				LastUpgradeCheck = 1300;
				TargetAttributes = {
					DF710BD527089EB600405D34 = {
						CreatedOnToolsVersion = 13.0;
					};
					DF710BEB27089EB900405D34 = {
						CreatedOnToolsVersion = 13.0;
						TestTargetID = DF710BD527089EB600405D34;
					};
					DF710BF527089EB900405D34 = {
						CreatedOnToolsVersion = 13.0;
						TestTargetID = DF710BD527089EB600405D34;
					};
				};
			};
			buildConfigurationList = DF710BD127089EB600405D34 /* Build configuration list for PBXProject "TestAppProto" */;
			compatibilityVersion = "Xcode 13.0";
			developmentRegion = en;
			hasScannedForEncodings = 0;
			knownRegions = (
				en,
				Base,
			);
			mainGroup = DF710BCD27089EB600405D34;
			productRefGroup = DF710BD727089EB600405D34 /* Products */;
			projectDirPath = "";
			projectRoot = "";
			targets = (
				DF710BD527089EB600405D34 /* TestAppProto */,
				DF710BEB27089EB900405D34 /* TestAppProtoTests */,
				DF710BF527089EB900405D34 /* TestAppProtoUITests */,
			);
		};
/* End PBXProject section */

/* Begin PBXResourcesBuildPhase section */
		DF710BD427089EB600405D34 /* Resources */ = {
			isa = PBXResourcesBuildPhase;
			buildActionMask = 2147483647;
			files = (
				DF710BE627089EB800405D34 /* LaunchScreen.storyboard in Resources */,
				DF710BE327089EB800405D34 /* Assets.xcassets in Resources */,
				DF710BE127089EB600405D34 /* Main.storyboard in Resources */,
			);
			runOnlyForDeploymentPostprocessing = 0;
		};
		DF710BEA27089EB900405D34 /* Resources */ = {
			isa = PBXResourcesBuildPhase;
			buildActionMask = 2147483647;
			files = (
			);
			runOnlyForDeploymentPostprocessing = 0;
		};
		DF710BF427089EB900405D34 /* Resources */ = {
			isa = PBXResourcesBuildPhase;
			buildActionMask = 2147483647;
			files = (
			);
			runOnlyForDeploymentPostprocessing = 0;
		};
/* End PBXResourcesBuildPhase section */

/* Begin PBXSourcesBuildPhase section */
		DF710BD227089EB600405D34 /* Sources */ = {
			isa = PBXSourcesBuildPhase;
			buildActionMask = 2147483647;
			files = (
				DF710C13270A121400405D34 /* CurrencyNumberFormatter.swift in Sources */,
				DF710BDA27089EB600405D34 /* AppDelegate.swift in Sources */,
				DF710C102709421300405D34 /* CustomProgressView.swift in Sources */,
				DF710BDC27089EB600405D34 /* SceneDelegate.swift in Sources */,
				DF710C19270A8CD100405D34 /* RootViewController.swift in Sources */,
				DF710C17270A4D8E00405D34 /* DonationViewController.swift in Sources */,
			);
			runOnlyForDeploymentPostprocessing = 0;
		};
		DF710BE827089EB900405D34 /* Sources */ = {
			isa = PBXSourcesBuildPhase;
			buildActionMask = 2147483647;
			files = (
				DF710BF127089EB900405D34 /* TestAppProtoTests.swift in Sources */,
			);
			runOnlyForDeploymentPostprocessing = 0;
		};
		DF710BF227089EB900405D34 /* Sources */ = {
			isa = PBXSourcesBuildPhase;
			buildActionMask = 2147483647;
			files = (
				DF710BFB27089EB900405D34 /* TestAppProtoUITests.swift in Sources */,
				DF710BFD27089EB900405D34 /* TestAppProtoUITestsLaunchTests.swift in Sources */,
			);
			runOnlyForDeploymentPostprocessing = 0;
		};
/* End PBXSourcesBuildPhase section */

/* Begin PBXTargetDependency section */
		DF710BEE27089EB900405D34 /* PBXTargetDependency */ = {
			isa = PBXTargetDependency;
			target = DF710BD527089EB600405D34 /* TestAppProto */;
			targetProxy = DF710BED27089EB900405D34 /* PBXContainerItemProxy */;
		};
		DF710BF827089EB900405D34 /* PBXTargetDependency */ = {
			isa = PBXTargetDependency;
			target = DF710BD527089EB600405D34 /* TestAppProto */;
			targetProxy = DF710BF727089EB900405D34 /* PBXContainerItemProxy */;
		};
/* End PBXTargetDependency section */

/* Begin PBXVariantGroup section */
		DF710BDF27089EB600405D34 /* Main.storyboard */ = {
			isa = PBXVariantGroup;
			children = (
				DF710BE027089EB600405D34 /* Base */,
			);
			name = Main.storyboard;
			sourceTree = "<group>";
		};
		DF710BE427089EB800405D34 /* LaunchScreen.storyboard */ = {
			isa = PBXVariantGroup;
			children = (
				DF710BE527089EB800405D34 /* Base */,
			);
			name = LaunchScreen.storyboard;
			sourceTree = "<group>";
		};
/* End PBXVariantGroup section */

/* Begin XCBuildConfiguration section */
		DF710BFE27089EB900405D34 /* Debug */ = {
			isa = XCBuildConfiguration;
			buildSettings = {
				ALWAYS_SEARCH_USER_PATHS = NO;
				CLANG_ANALYZER_NONNULL = YES;
				CLANG_ANALYZER_NUMBER_OBJECT_CONVERSION = YES_AGGRESSIVE;
				CLANG_CXX_LANGUAGE_STANDARD = "gnu++17";
				CLANG_CXX_LIBRARY = "libc++";
				CLANG_ENABLE_MODULES = YES;
				CLANG_ENABLE_OBJC_ARC = YES;
				CLANG_ENABLE_OBJC_WEAK = YES;
				CLANG_WARN_BLOCK_CAPTURE_AUTORELEASING = YES;
				CLANG_WARN_BOOL_CONVERSION = YES;
				CLANG_WARN_COMMA = YES;
				CLANG_WARN_CONSTANT_CONVERSION = YES;
				CLANG_WARN_DEPRECATED_OBJC_IMPLEMENTATIONS = YES;
				CLANG_WARN_DIRECT_OBJC_ISA_USAGE = YES_ERROR;
				CLANG_WARN_DOCUMENTATION_COMMENTS = YES;
				CLANG_WARN_EMPTY_BODY = YES;
				CLANG_WARN_ENUM_CONVERSION = YES;
				CLANG_WARN_INFINITE_RECURSION = YES;
				CLANG_WARN_INT_CONVERSION = YES;
				CLANG_WARN_NON_LITERAL_NULL_CONVERSION = YES;
				CLANG_WARN_OBJC_IMPLICIT_RETAIN_SELF = YES;
				CLANG_WARN_OBJC_LITERAL_CONVERSION = YES;
				CLANG_WARN_OBJC_ROOT_CLASS = YES_ERROR;
				CLANG_WARN_QUOTED_INCLUDE_IN_FRAMEWORK_HEADER = YES;
				CLANG_WARN_RANGE_LOOP_ANALYSIS = YES;
				CLANG_WARN_STRICT_PROTOTYPES = YES;
				CLANG_WARN_SUSPICIOUS_MOVE = YES;
				CLANG_WARN_UNGUARDED_AVAILABILITY = YES_AGGRESSIVE;
				CLANG_WARN_UNREACHABLE_CODE = YES;
				CLANG_WARN__DUPLICATE_METHOD_MATCH = YES;
				COPY_PHASE_STRIP = NO;
				DEBUG_INFORMATION_FORMAT = dwarf;
				ENABLE_STRICT_OBJC_MSGSEND = YES;
				ENABLE_TESTABILITY = YES;
				GCC_C_LANGUAGE_STANDARD = gnu11;
				GCC_DYNAMIC_NO_PIC = NO;
				GCC_NO_COMMON_BLOCKS = YES;
				GCC_OPTIMIZATION_LEVEL = 0;
				GCC_PREPROCESSOR_DEFINITIONS = (
					"DEBUG=1",
					"$(inherited)",
				);
				GCC_WARN_64_TO_32_BIT_CONVERSION = YES;
				GCC_WARN_ABOUT_RETURN_TYPE = YES_ERROR;
				GCC_WARN_UNDECLARED_SELECTOR = YES;
				GCC_WARN_UNINITIALIZED_AUTOS = YES_AGGRESSIVE;
				GCC_WARN_UNUSED_FUNCTION = YES;
				GCC_WARN_UNUSED_VARIABLE = YES;
				IPHONEOS_DEPLOYMENT_TARGET = 15.0;
				MTL_ENABLE_DEBUG_INFO = INCLUDE_SOURCE;
				MTL_FAST_MATH = YES;
				ONLY_ACTIVE_ARCH = YES;
				SDKROOT = iphoneos;
				SWIFT_ACTIVE_COMPILATION_CONDITIONS = DEBUG;
				SWIFT_OPTIMIZATION_LEVEL = "-Onone";
			};
			name = Debug;
		};
		DF710BFF27089EB900405D34 /* Release */ = {
			isa = XCBuildConfiguration;
			buildSettings = {
				ALWAYS_SEARCH_USER_PATHS = NO;
				CLANG_ANALYZER_NONNULL = YES;
				CLANG_ANALYZER_NUMBER_OBJECT_CONVERSION = YES_AGGRESSIVE;
				CLANG_CXX_LANGUAGE_STANDARD = "gnu++17";
				CLANG_CXX_LIBRARY = "libc++";
				CLANG_ENABLE_MODULES = YES;
				CLANG_ENABLE_OBJC_ARC = YES;
				CLANG_ENABLE_OBJC_WEAK = YES;
				CLANG_WARN_BLOCK_CAPTURE_AUTORELEASING = YES;
				CLANG_WARN_BOOL_CONVERSION = YES;
				CLANG_WARN_COMMA = YES;
				CLANG_WARN_CONSTANT_CONVERSION = YES;
				CLANG_WARN_DEPRECATED_OBJC_IMPLEMENTATIONS = YES;
				CLANG_WARN_DIRECT_OBJC_ISA_USAGE = YES_ERROR;
				CLANG_WARN_DOCUMENTATION_COMMENTS = YES;
				CLANG_WARN_EMPTY_BODY = YES;
				CLANG_WARN_ENUM_CONVERSION = YES;
				CLANG_WARN_INFINITE_RECURSION = YES;
				CLANG_WARN_INT_CONVERSION = YES;
				CLANG_WARN_NON_LITERAL_NULL_CONVERSION = YES;
				CLANG_WARN_OBJC_IMPLICIT_RETAIN_SELF = YES;
				CLANG_WARN_OBJC_LITERAL_CONVERSION = YES;
				CLANG_WARN_OBJC_ROOT_CLASS = YES_ERROR;
				CLANG_WARN_QUOTED_INCLUDE_IN_FRAMEWORK_HEADER = YES;
				CLANG_WARN_RANGE_LOOP_ANALYSIS = YES;
				CLANG_WARN_STRICT_PROTOTYPES = YES;
				CLANG_WARN_SUSPICIOUS_MOVE = YES;
				CLANG_WARN_UNGUARDED_AVAILABILITY = YES_AGGRESSIVE;
				CLANG_WARN_UNREACHABLE_CODE = YES;
				CLANG_WARN__DUPLICATE_METHOD_MATCH = YES;
				COPY_PHASE_STRIP = NO;
				DEBUG_INFORMATION_FORMAT = "dwarf-with-dsym";
				ENABLE_NS_ASSERTIONS = NO;
				ENABLE_STRICT_OBJC_MSGSEND = YES;
				GCC_C_LANGUAGE_STANDARD = gnu11;
				GCC_NO_COMMON_BLOCKS = YES;
				GCC_WARN_64_TO_32_BIT_CONVERSION = YES;
				GCC_WARN_ABOUT_RETURN_TYPE = YES_ERROR;
				GCC_WARN_UNDECLARED_SELECTOR = YES;
				GCC_WARN_UNINITIALIZED_AUTOS = YES_AGGRESSIVE;
				GCC_WARN_UNUSED_FUNCTION = YES;
				GCC_WARN_UNUSED_VARIABLE = YES;
				IPHONEOS_DEPLOYMENT_TARGET = 15.0;
				MTL_ENABLE_DEBUG_INFO = NO;
				MTL_FAST_MATH = YES;
				SDKROOT = iphoneos;
				SWIFT_COMPILATION_MODE = wholemodule;
				SWIFT_OPTIMIZATION_LEVEL = "-O";
				VALIDATE_PRODUCT = YES;
			};
			name = Release;
		};
		DF710C0127089EB900405D34 /* Debug */ = {
			isa = XCBuildConfiguration;
			buildSettings = {
				ASSETCATALOG_COMPILER_APPICON_NAME = AppIcon;
				ASSETCATALOG_COMPILER_GLOBAL_ACCENT_COLOR_NAME = AccentColor;
				CODE_SIGN_STYLE = Automatic;
				CURRENT_PROJECT_VERSION = 1;
				DEVELOPMENT_TEAM = TLM82UG665;
				GENERATE_INFOPLIST_FILE = YES;
				INFOPLIST_FILE = TestAppProto/Info.plist;
				INFOPLIST_KEY_UIApplicationSupportsIndirectInputEvents = YES;
				INFOPLIST_KEY_UILaunchStoryboardName = LaunchScreen;
				INFOPLIST_KEY_UIMainStoryboardFile = Main;
				INFOPLIST_KEY_UISupportedInterfaceOrientations_iPad = "UIInterfaceOrientationPortrait UIInterfaceOrientationPortraitUpsideDown UIInterfaceOrientationLandscapeLeft UIInterfaceOrientationLandscapeRight";
				INFOPLIST_KEY_UISupportedInterfaceOrientations_iPhone = "UIInterfaceOrientationPortrait UIInterfaceOrientationLandscapeLeft UIInterfaceOrientationLandscapeRight";
				IPHONEOS_DEPLOYMENT_TARGET = 14.7;
				LD_RUNPATH_SEARCH_PATHS = (
					"$(inherited)",
					"@executable_path/Frameworks",
				);
				MARKETING_VERSION = 1.0;
				PRODUCT_BUNDLE_IDENTIFIER = com.dp.TestAppProto;
				PRODUCT_NAME = "$(TARGET_NAME)";
				SWIFT_EMIT_LOC_STRINGS = YES;
				SWIFT_VERSION = 5.0;
				TARGETED_DEVICE_FAMILY = "1,2";
			};
			name = Debug;
		};
		DF710C0227089EB900405D34 /* Release */ = {
			isa = XCBuildConfiguration;
			buildSettings = {
				ASSETCATALOG_COMPILER_APPICON_NAME = AppIcon;
				ASSETCATALOG_COMPILER_GLOBAL_ACCENT_COLOR_NAME = AccentColor;
				CODE_SIGN_STYLE = Automatic;
				CURRENT_PROJECT_VERSION = 1;
				DEVELOPMENT_TEAM = TLM82UG665;
				GENERATE_INFOPLIST_FILE = YES;
				INFOPLIST_FILE = TestAppProto/Info.plist;
				INFOPLIST_KEY_UIApplicationSupportsIndirectInputEvents = YES;
				INFOPLIST_KEY_UILaunchStoryboardName = LaunchScreen;
				INFOPLIST_KEY_UIMainStoryboardFile = Main;
				INFOPLIST_KEY_UISupportedInterfaceOrientations_iPad = "UIInterfaceOrientationPortrait UIInterfaceOrientationPortraitUpsideDown UIInterfaceOrientationLandscapeLeft UIInterfaceOrientationLandscapeRight";
				INFOPLIST_KEY_UISupportedInterfaceOrientations_iPhone = "UIInterfaceOrientationPortrait UIInterfaceOrientationLandscapeLeft UIInterfaceOrientationLandscapeRight";
				IPHONEOS_DEPLOYMENT_TARGET = 14.7;
				LD_RUNPATH_SEARCH_PATHS = (
					"$(inherited)",
					"@executable_path/Frameworks",
				);
				MARKETING_VERSION = 1.0;
				PRODUCT_BUNDLE_IDENTIFIER = com.dp.TestAppProto;
				PRODUCT_NAME = "$(TARGET_NAME)";
				SWIFT_EMIT_LOC_STRINGS = YES;
				SWIFT_VERSION = 5.0;
				TARGETED_DEVICE_FAMILY = "1,2";
			};
			name = Release;
		};
		DF710C0427089EB900405D34 /* Debug */ = {
			isa = XCBuildConfiguration;
			buildSettings = {
				ALWAYS_EMBED_SWIFT_STANDARD_LIBRARIES = YES;
				BUNDLE_LOADER = "$(TEST_HOST)";
				CODE_SIGN_STYLE = Automatic;
				CURRENT_PROJECT_VERSION = 1;
				DEVELOPMENT_TEAM = TLM82UG665;
				GENERATE_INFOPLIST_FILE = YES;
				IPHONEOS_DEPLOYMENT_TARGET = 15.0;
				LD_RUNPATH_SEARCH_PATHS = (
					"$(inherited)",
					"@executable_path/Frameworks",
					"@loader_path/Frameworks",
				);
				MARKETING_VERSION = 1.0;
				PRODUCT_BUNDLE_IDENTIFIER = com.dp.TestAppProtoTests;
				PRODUCT_NAME = "$(TARGET_NAME)";
				SWIFT_EMIT_LOC_STRINGS = NO;
				SWIFT_VERSION = 5.0;
				TARGETED_DEVICE_FAMILY = "1,2";
				TEST_HOST = "$(BUILT_PRODUCTS_DIR)/TestAppProto.app/TestAppProto";
			};
			name = Debug;
		};
		DF710C0527089EB900405D34 /* Release */ = {
			isa = XCBuildConfiguration;
			buildSettings = {
				ALWAYS_EMBED_SWIFT_STANDARD_LIBRARIES = YES;
				BUNDLE_LOADER = "$(TEST_HOST)";
				CODE_SIGN_STYLE = Automatic;
				CURRENT_PROJECT_VERSION = 1;
				DEVELOPMENT_TEAM = TLM82UG665;
				GENERATE_INFOPLIST_FILE = YES;
				IPHONEOS_DEPLOYMENT_TARGET = 15.0;
				LD_RUNPATH_SEARCH_PATHS = (
					"$(inherited)",
					"@executable_path/Frameworks",
					"@loader_path/Frameworks",
				);
				MARKETING_VERSION = 1.0;
				PRODUCT_BUNDLE_IDENTIFIER = com.dp.TestAppProtoTests;
				PRODUCT_NAME = "$(TARGET_NAME)";
				SWIFT_EMIT_LOC_STRINGS = NO;
				SWIFT_VERSION = 5.0;
				TARGETED_DEVICE_FAMILY = "1,2";
				TEST_HOST = "$(BUILT_PRODUCTS_DIR)/TestAppProto.app/TestAppProto";
			};
			name = Release;
		};
		DF710C0727089EB900405D34 /* Debug */ = {
			isa = XCBuildConfiguration;
			buildSettings = {
				ALWAYS_EMBED_SWIFT_STANDARD_LIBRARIES = YES;
				CODE_SIGN_STYLE = Automatic;
				CURRENT_PROJECT_VERSION = 1;
				DEVELOPMENT_TEAM = TLM82UG665;
				GENERATE_INFOPLIST_FILE = YES;
				LD_RUNPATH_SEARCH_PATHS = (
					"$(inherited)",
					"@executable_path/Frameworks",
					"@loader_path/Frameworks",
				);
				MARKETING_VERSION = 1.0;
				PRODUCT_BUNDLE_IDENTIFIER = com.dp.TestAppProtoUITests;
				PRODUCT_NAME = "$(TARGET_NAME)";
				SWIFT_EMIT_LOC_STRINGS = NO;
				SWIFT_VERSION = 5.0;
				TARGETED_DEVICE_FAMILY = "1,2";
				TEST_TARGET_NAME = TestAppProto;
			};
			name = Debug;
		};
		DF710C0827089EB900405D34 /* Release */ = {
			isa = XCBuildConfiguration;
			buildSettings = {
				ALWAYS_EMBED_SWIFT_STANDARD_LIBRARIES = YES;
				CODE_SIGN_STYLE = Automatic;
				CURRENT_PROJECT_VERSION = 1;
				DEVELOPMENT_TEAM = TLM82UG665;
				GENERATE_INFOPLIST_FILE = YES;
				LD_RUNPATH_SEARCH_PATHS = (
					"$(inherited)",
					"@executable_path/Frameworks",
					"@loader_path/Frameworks",
				);
				MARKETING_VERSION = 1.0;
				PRODUCT_BUNDLE_IDENTIFIER = com.dp.TestAppProtoUITests;
				PRODUCT_NAME = "$(TARGET_NAME)";
				SWIFT_EMIT_LOC_STRINGS = NO;
				SWIFT_VERSION = 5.0;
				TARGETED_DEVICE_FAMILY = "1,2";
				TEST_TARGET_NAME = TestAppProto;
			};
			name = Release;
		};
/* End XCBuildConfiguration section */

/* Begin XCConfigurationList section */
		DF710BD127089EB600405D34 /* Build configuration list for PBXProject "TestAppProto" */ = {
			isa = XCConfigurationList;
			buildConfigurations = (
				DF710BFE27089EB900405D34 /* Debug */,
				DF710BFF27089EB900405D34 /* Release */,
			);
			defaultConfigurationIsVisible = 0;
			defaultConfigurationName = Release;
		};
		DF710C0027089EB900405D34 /* Build configuration list for PBXNativeTarget "TestAppProto" */ = {
			isa = XCConfigurationList;
			buildConfigurations = (
				DF710C0127089EB900405D34 /* Debug */,
				DF710C0227089EB900405D34 /* Release */,
			);
			defaultConfigurationIsVisible = 0;
			defaultConfigurationName = Release;
		};
		DF710C0327089EB900405D34 /* Build configuration list for PBXNativeTarget "TestAppProtoTests" */ = {
			isa = XCConfigurationList;
			buildConfigurations = (
				DF710C0427089EB900405D34 /* Debug */,
				DF710C0527089EB900405D34 /* Release */,
			);
			defaultConfigurationIsVisible = 0;
			defaultConfigurationName = Release;
		};
		DF710C0627089EB900405D34 /* Build configuration list for PBXNativeTarget "TestAppProtoUITests" */ = {
			isa = XCConfigurationList;
			buildConfigurations = (
				DF710C0727089EB900405D34 /* Debug */,
				DF710C0827089EB900405D34 /* Release */,
			);
			defaultConfigurationIsVisible = 0;
			defaultConfigurationName = Release;
		};
/* End XCConfigurationList section */
	};
	rootObject = DF710BCE27089EB600405D34 /* Project object */;
}
